
Microsoft Visual Studio Solution File, Format Version 12.00
# Visual Studio Version 17
VisualStudioVersion = 17.1.32228.430
MinimumVisualStudioVersion = 10.0.40219.1
Project("{2150E333-8FDC-42A3-9474-1A3956D46DE8}") = "2.API", "2.API", "{D66C740C-536E-4E8C-9CC0-E198AFDF4134}"
EndProject
Project("{2150E333-8FDC-42A3-9474-1A3956D46DE8}") = "1.Test", "1.Test", "{B5C40A16-A487-4614-B462-3971003E9C85}"
EndProject
Project("{9A19103F-16F7-4668-BE54-9A1E7A4F7556}") = "Supplier.Control.Application", "src\Supplier.Control.Application\Supplier.Control.Application.csproj", "{1D1C050E-0A8C-43E5-B7A8-30AC46676FC3}"
EndProject
Project("{9A19103F-16F7-4668-BE54-9A1E7A4F7556}") = "Supplier.Control.Test", "src\Supplier.Control.Test\Supplier.Control.Test.csproj", "{3E1D22A4-041A-4F45-B278-689CEE5EBCDB}"
EndProject
Project("{2150E333-8FDC-42A3-9474-1A3956D46DE8}") = "3.Presentation", "3.Presentation", "{8D3B7BAC-F5C4-4157-8DD5-E2E2BB10979C}"
EndProject
Project("{2150E333-8FDC-42A3-9474-1A3956D46DE8}") = "4.Domain", "4.Domain", "{F6161AF1-0EA2-4261-B32E-CD42D9DB0458}"
EndProject
Project("{2150E333-8FDC-42A3-9474-1A3956D46DE8}") = "5.Infra", "5.Infra", "{E18E342C-2883-45E1-8FE0-4C8C9E2D2989}"
EndProject
Project("{2150E333-8FDC-42A3-9474-1A3956D46DE8}") = "5.1.Data", "5.1.Data", "{384ABE6B-FB4B-40FF-A1D5-1985E974CCAD}"
EndProject
Project("{2150E333-8FDC-42A3-9474-1A3956D46DE8}") = "5.2.CrossCutting", "5.2.CrossCutting", "{0084098E-410D-4F73-AC34-7E95308F258A}"
EndProject
Project("{9A19103F-16F7-4668-BE54-9A1E7A4F7556}") = "Supplier.Control.Infra.CrossCutting", "src\Supplier.Control.Infra.CrossCutting\Supplier.Control.Infra.CrossCutting.csproj", "{F52A1A8B-95C9-4E23-A885-98AF16486FEE}"
EndProject
Project("{9A19103F-16F7-4668-BE54-9A1E7A4F7556}") = "Supplier.Control.Infra.Data", "src\Supplier.Control.Infra.Data\Supplier.Control.Infra.Data.csproj", "{FFBC55EE-FDEB-48D7-BA06-FB3FF088BDD2}"
EndProject
Project("{9A19103F-16F7-4668-BE54-9A1E7A4F7556}") = "Supplier.Control.Domain", "src\Supplier.Control.Domain\Supplier.Control.Domain.csproj", "{3D017097-A1D5-4F0B-A9E8-E9E1FABBDE3D}"
EndProject
Project("{9A19103F-16F7-4668-BE54-9A1E7A4F7556}") = "Supplier.Control.Presentation", "src\Supplier.Control.Presentation\Supplier.Control.Presentation.csproj", "{E2BFD257-3EB7-4EAB-9A99-732D4DA0EA99}"
EndProject
Project("{2150E333-8FDC-42A3-9474-1A3956D46DE8}") = "6.Shared", "6.Shared", "{CACFDE36-803D-40B9-A08D-46224BC0BAC6}"
EndProject
Project("{FAE04EC0-301F-11D3-BF4B-00C04F79EFBC}") = "Supplier.Control.Shared", "src\Supplier.Control.Shared\Supplier.Control.Shared.csproj", "{0FC3E8AF-BFD0-4D64-BF53-F85A3E4FADB9}"
EndProject
Global
	GlobalSection(SolutionConfigurationPlatforms) = preSolution
		Debug|Any CPU = Debug|Any CPU
		Debug|ARM64 = Debug|ARM64
		Release|Any CPU = Release|Any CPU
		Release|ARM64 = Release|ARM64
	EndGlobalSection
	GlobalSection(ProjectConfigurationPlatforms) = postSolution
		{1D1C050E-0A8C-43E5-B7A8-30AC46676FC3}.Debug|Any CPU.ActiveCfg = Debug|Any CPU
		{1D1C050E-0A8C-43E5-B7A8-30AC46676FC3}.Debug|Any CPU.Build.0 = Debug|Any CPU
		{1D1C050E-0A8C-43E5-B7A8-30AC46676FC3}.Debug|ARM64.ActiveCfg = Debug|ARM64
		{1D1C050E-0A8C-43E5-B7A8-30AC46676FC3}.Debug|ARM64.Build.0 = Debug|ARM64
		{1D1C050E-0A8C-43E5-B7A8-30AC46676FC3}.Release|Any CPU.ActiveCfg = Release|Any CPU
		{1D1C050E-0A8C-43E5-B7A8-30AC46676FC3}.Release|Any CPU.Build.0 = Release|Any CPU
		{1D1C050E-0A8C-43E5-B7A8-30AC46676FC3}.Release|ARM64.ActiveCfg = Release|ARM64
		{1D1C050E-0A8C-43E5-B7A8-30AC46676FC3}.Release|ARM64.Build.0 = Release|ARM64
		{3E1D22A4-041A-4F45-B278-689CEE5EBCDB}.Debug|Any CPU.ActiveCfg = Debug|Any CPU
		{3E1D22A4-041A-4F45-B278-689CEE5EBCDB}.Debug|Any CPU.Build.0 = Debug|Any CPU
		{3E1D22A4-041A-4F45-B278-689CEE5EBCDB}.Debug|ARM64.ActiveCfg = Debug|ARM64
		{3E1D22A4-041A-4F45-B278-689CEE5EBCDB}.Debug|ARM64.Build.0 = Debug|ARM64
		{3E1D22A4-041A-4F45-B278-689CEE5EBCDB}.Release|Any CPU.ActiveCfg = Release|Any CPU
		{3E1D22A4-041A-4F45-B278-689CEE5EBCDB}.Release|Any CPU.Build.0 = Release|Any CPU
		{3E1D22A4-041A-4F45-B278-689CEE5EBCDB}.Release|ARM64.ActiveCfg = Release|ARM64
		{3E1D22A4-041A-4F45-B278-689CEE5EBCDB}.Release|ARM64.Build.0 = Release|ARM64
		{F52A1A8B-95C9-4E23-A885-98AF16486FEE}.Debug|Any CPU.ActiveCfg = Debug|Any CPU
		{F52A1A8B-95C9-4E23-A885-98AF16486FEE}.Debug|Any CPU.Build.0 = Debug|Any CPU
		{F52A1A8B-95C9-4E23-A885-98AF16486FEE}.Debug|ARM64.ActiveCfg = Debug|ARM64
		{F52A1A8B-95C9-4E23-A885-98AF16486FEE}.Debug|ARM64.Build.0 = Debug|ARM64
		{F52A1A8B-95C9-4E23-A885-98AF16486FEE}.Release|Any CPU.ActiveCfg = Release|Any CPU
		{F52A1A8B-95C9-4E23-A885-98AF16486FEE}.Release|Any CPU.Build.0 = Release|Any CPU
		{F52A1A8B-95C9-4E23-A885-98AF16486FEE}.Release|ARM64.ActiveCfg = Release|ARM64
		{F52A1A8B-95C9-4E23-A885-98AF16486FEE}.Release|ARM64.Build.0 = Release|ARM64
		{FFBC55EE-FDEB-48D7-BA06-FB3FF088BDD2}.Debug|Any CPU.ActiveCfg = Debug|Any CPU
		{FFBC55EE-FDEB-48D7-BA06-FB3FF088BDD2}.Debug|Any CPU.Build.0 = Debug|Any CPU
		{FFBC55EE-FDEB-48D7-BA06-FB3FF088BDD2}.Debug|ARM64.ActiveCfg = Debug|ARM64
		{FFBC55EE-FDEB-48D7-BA06-FB3FF088BDD2}.Debug|ARM64.Build.0 = Debug|ARM64
		{FFBC55EE-FDEB-48D7-BA06-FB3FF088BDD2}.Release|Any CPU.ActiveCfg = Release|Any CPU
		{FFBC55EE-FDEB-48D7-BA06-FB3FF088BDD2}.Release|Any CPU.Build.0 = Release|Any CPU
		{FFBC55EE-FDEB-48D7-BA06-FB3FF088BDD2}.Release|ARM64.ActiveCfg = Release|ARM64
		{FFBC55EE-FDEB-48D7-BA06-FB3FF088BDD2}.Release|ARM64.Build.0 = Release|ARM64
		{3D017097-A1D5-4F0B-A9E8-E9E1FABBDE3D}.Debug|Any CPU.ActiveCfg = Debug|Any CPU
		{3D017097-A1D5-4F0B-A9E8-E9E1FABBDE3D}.Debug|Any CPU.Build.0 = Debug|Any CPU
		{3D017097-A1D5-4F0B-A9E8-E9E1FABBDE3D}.Debug|ARM64.ActiveCfg = Debug|ARM64
		{3D017097-A1D5-4F0B-A9E8-E9E1FABBDE3D}.Debug|ARM64.Build.0 = Debug|ARM64
		{3D017097-A1D5-4F0B-A9E8-E9E1FABBDE3D}.Release|Any CPU.ActiveCfg = Release|Any CPU
		{3D017097-A1D5-4F0B-A9E8-E9E1FABBDE3D}.Release|Any CPU.Build.0 = Release|Any CPU
		{3D017097-A1D5-4F0B-A9E8-E9E1FABBDE3D}.Release|ARM64.ActiveCfg = Release|ARM64
		{3D017097-A1D5-4F0B-A9E8-E9E1FABBDE3D}.Release|ARM64.Build.0 = Release|ARM64
		{E2BFD257-3EB7-4EAB-9A99-732D4DA0EA99}.Debug|Any CPU.ActiveCfg = Debug|Any CPU
		{E2BFD257-3EB7-4EAB-9A99-732D4DA0EA99}.Debug|Any CPU.Build.0 = Debug|Any CPU
		{E2BFD257-3EB7-4EAB-9A99-732D4DA0EA99}.Debug|ARM64.ActiveCfg = Debug|ARM64
		{E2BFD257-3EB7-4EAB-9A99-732D4DA0EA99}.Debug|ARM64.Build.0 = Debug|ARM64
		{E2BFD257-3EB7-4EAB-9A99-732D4DA0EA99}.Release|Any CPU.ActiveCfg = Release|Any CPU
		{E2BFD257-3EB7-4EAB-9A99-732D4DA0EA99}.Release|Any CPU.Build.0 = Release|Any CPU
		{E2BFD257-3EB7-4EAB-9A99-732D4DA0EA99}.Release|ARM64.ActiveCfg = Release|ARM64
		{E2BFD257-3EB7-4EAB-9A99-732D4DA0EA99}.Release|ARM64.Build.0 = Release|ARM64
		{0FC3E8AF-BFD0-4D64-BF53-F85A3E4FADB9}.Debug|Any CPU.ActiveCfg = Debug|Any CPU
		{0FC3E8AF-BFD0-4D64-BF53-F85A3E4FADB9}.Debug|Any CPU.Build.0 = Debug|Any CPU
		{0FC3E8AF-BFD0-4D64-BF53-F85A3E4FADB9}.Debug|ARM64.ActiveCfg = Debug|Any CPU
		{0FC3E8AF-BFD0-4D64-BF53-F85A3E4FADB9}.Debug|ARM64.Build.0 = Debug|Any CPU
		{0FC3E8AF-BFD0-4D64-BF53-F85A3E4FADB9}.Release|Any CPU.ActiveCfg = Release|Any CPU
		{0FC3E8AF-BFD0-4D64-BF53-F85A3E4FADB9}.Release|Any CPU.Build.0 = Release|Any CPU
		{0FC3E8AF-BFD0-4D64-BF53-F85A3E4FADB9}.Release|ARM64.ActiveCfg = Release|Any CPU
		{0FC3E8AF-BFD0-4D64-BF53-F85A3E4FADB9}.Release|ARM64.Build.0 = Release|Any CPU
	EndGlobalSection
	GlobalSection(SolutionProperties) = preSolution
		HideSolutionNode = FALSE
	EndGlobalSection
	GlobalSection(NestedProjects) = preSolution
		{1D1C050E-0A8C-43E5-B7A8-30AC46676FC3} = {D66C740C-536E-4E8C-9CC0-E198AFDF4134}
		{3E1D22A4-041A-4F45-B278-689CEE5EBCDB} = {B5C40A16-A487-4614-B462-3971003E9C85}
		{384ABE6B-FB4B-40FF-A1D5-1985E974CCAD} = {E18E342C-2883-45E1-8FE0-4C8C9E2D2989}
		{0084098E-410D-4F73-AC34-7E95308F258A} = {E18E342C-2883-45E1-8FE0-4C8C9E2D2989}
		{F52A1A8B-95C9-4E23-A885-98AF16486FEE} = {0084098E-410D-4F73-AC34-7E95308F258A}
		{FFBC55EE-FDEB-48D7-BA06-FB3FF088BDD2} = {384ABE6B-FB4B-40FF-A1D5-1985E974CCAD}
		{3D017097-A1D5-4F0B-A9E8-E9E1FABBDE3D} = {F6161AF1-0EA2-4261-B32E-CD42D9DB0458}
		{E2BFD257-3EB7-4EAB-9A99-732D4DA0EA99} = {8D3B7BAC-F5C4-4157-8DD5-E2E2BB10979C}
		{0FC3E8AF-BFD0-4D64-BF53-F85A3E4FADB9} = {CACFDE36-803D-40B9-A08D-46224BC0BAC6}
	EndGlobalSection
	GlobalSection(ExtensibilityGlobals) = postSolution
		SolutionGuid = {A780159E-3966-488A-AF17-949C66E81519}
	EndGlobalSection
EndGlobal
